
Microsoft Visual Studio Solution File, Format Version 12.00
# Visual Studio Version 16
VisualStudioVersion = 16.0.31515.178
MinimumVisualStudioVersion = 10.0.40219.1
Project("{FAE04EC0-301F-11D3-BF4B-00C04F79EFBC}") = "CodingChallengeTemplate", "CodingChallengeTemplate\CodingChallengeTemplate.csproj", "{8B6F729D-30C7-4A0E-BBA3-5BBE512D0007}"
EndProject
Global
	GlobalSection(SolutionConfigurationPlatforms) = preSolution
		Debug|Any CPU = Debug|Any CPU
		Release|Any CPU = Release|Any CPU
	EndGlobalSection
	GlobalSection(ProjectConfigurationPlatforms) = postSolution
		{8B6F729D-30C7-4A0E-BBA3-5BBE512D0007}.Debug|Any CPU.ActiveCfg = Debug|Any CPU
		{8B6F729D-30C7-4A0E-BBA3-5BBE512D0007}.Debug|Any CPU.Build.0 = Debug|Any CPU
		{8B6F729D-30C7-4A0E-BBA3-5BBE512D0007}.Release|Any CPU.ActiveCfg = Release|Any CPU
		{8B6F729D-30C7-4A0E-BBA3-5BBE512D0007}.Release|Any CPU.Build.0 = Release|Any CPU
	EndGlobalSection
	GlobalSection(SolutionProperties) = preSolution
		HideSolutionNode = FALSE
	EndGlobalSection
	GlobalSection(ExtensibilityGlobals) = postSolution
		SolutionGuid = {F915EFB3-2C16-4778-B885-691EFB9DD3EE}
	EndGlobalSection
EndGlobal
